
Microsoft Visual Studio Solution File, Format Version 12.00
# Visual Studio Version 16
VisualStudioVersion = 16.0.30804.86
MinimumVisualStudioVersion = 10.0.40219.1
Project("{FAE04EC0-301F-11D3-BF4B-00C04F79EFBC}") = "ShamirConsole", "ShamirConsole\ShamirConsole.csproj", "{BB812BA1-44C7-443F-BECE-709DC5C101DA}"
EndProject
Global
	GlobalSection(SolutionConfigurationPlatforms) = preSolution
		Debug|Any CPU = Debug|Any CPU
		Release|Any CPU = Release|Any CPU
	EndGlobalSection
	GlobalSection(ProjectConfigurationPlatforms) = postSolution
		{BB812BA1-44C7-443F-BECE-709DC5C101DA}.Debug|Any CPU.ActiveCfg = Debug|Any CPU
		{BB812BA1-44C7-443F-BECE-709DC5C101DA}.Debug|Any CPU.Build.0 = Debug|Any CPU
		{BB812BA1-44C7-443F-BECE-709DC5C101DA}.Release|Any CPU.ActiveCfg = Release|Any CPU
		{BB812BA1-44C7-443F-BECE-709DC5C101DA}.Release|Any CPU.Build.0 = Release|Any CPU
	EndGlobalSection
	GlobalSection(SolutionProperties) = preSolution
		HideSolutionNode = FALSE
	EndGlobalSection
	GlobalSection(ExtensibilityGlobals) = postSolution
		SolutionGuid = {A2B7255D-29E4-4120-978D-00E13352A215}
	EndGlobalSection
EndGlobal
